// !$*UTF8*$!
{
	archiveVersion = 1;
	classes = {
	};
	objectVersion = 70;
	objects = {

/* Begin PBXBuildFile section */
		6615FFDB2CAD883E00E03734 /* myvet_nativeApp.swift in Sources */ = {isa = PBXBuildFile; fileRef = 6615FFDA2CAD883E00E03734 /* myvet_nativeApp.swift */; };
		6615FFDD2CAD883E00E03734 /* ContentView.swift in Sources */ = {isa = PBXBuildFile; fileRef = 6615FFDC2CAD883E00E03734 /* ContentView.swift */; };
		6615FFDF2CAD884000E03734 /* Assets.xcassets in Resources */ = {isa = PBXBuildFile; fileRef = 6615FFDE2CAD884000E03734 /* Assets.xcassets */; };
		6615FFE22CAD884000E03734 /* Preview Assets.xcassets in Resources */ = {isa = PBXBuildFile; fileRef = 6615FFE12CAD884000E03734 /* Preview Assets.xcassets */; };
		6620475C2CADB44400A2DD0B /* TabNavView.swift in Sources */ = {isa = PBXBuildFile; fileRef = 6620475B2CADB44400A2DD0B /* TabNavView.swift */; };
		6620475F2CADB63B00A2DD0B /* HomeView.swift in Sources */ = {isa = PBXBuildFile; fileRef = 6620475E2CADB63B00A2DD0B /* HomeView.swift */; };
		6620476C2CADB6E100A2DD0B /* MyVetView.swift in Sources */ = {isa = PBXBuildFile; fileRef = 6620476B2CADB6E100A2DD0B /* MyVetView.swift */; };
		663133252E0DC0B6008F368F /* MyVet.icon in Resources */ = {isa = PBXBuildFile; fileRef = 663133242E0DC0B6008F368F /* MyVet.icon */; };
		663133292E0DC243008F368F /* MyPetView.swift in Sources */ = {isa = PBXBuildFile; fileRef = 663133282E0DC243008F368F /* MyPetView.swift */; };
		6659E0012E0DD7E000E807CB /* PhotosUI.framework in Frameworks */ = {isa = PBXBuildFile; fileRef = 6659E0002E0DD7E000E807CB /* PhotosUI.framework */; };
		6678843C2D75CE4A00033CE3 /* Fetch.swift in Sources */ = {isa = PBXBuildFile; fileRef = 6678843B2D75CE4A00033CE3 /* Fetch.swift */; };
		66E1867C2E202482001036FC /* AuthenticationServices.framework in Frameworks */ = {isa = PBXBuildFile; fileRef = 66E1867B2E202482001036FC /* AuthenticationServices.framework */; };
		66E1868C2E20352E001036FC /* FirebaseMessaging in Frameworks */ = {isa = PBXBuildFile; productRef = 66E1868B2E20352E001036FC /* FirebaseMessaging */; };
		66E1868E2E2072EB001036FC /* AppDelegate.swift in Sources */ = {isa = PBXBuildFile; fileRef = 66E1868D2E2072E3001036FC /* AppDelegate.swift */; };
		66E186902E207755001036FC /* GoogleService-Info.plist in Resources */ = {isa = PBXBuildFile; fileRef = 66E1868F2E207755001036FC /* GoogleService-Info.plist */; };
		66E32B502E060BDF006603E8 /* MapKit.framework in Frameworks */ = {isa = PBXBuildFile; fileRef = 66E32B4E2E060BDA006603E8 /* MapKit.framework */; };
		66F5EFB12CAE72AA00BA9DC8 /* environments.swift in Sources */ = {isa = PBXBuildFile; fileRef = 66F5EFB02CAE72AA00BA9DC8 /* environments.swift */; };
/* End PBXBuildFile section */

/* Begin PBXFileReference section */
		6615FFD72CAD883E00E03734 /* myvet-native.app */ = {isa = PBXFileReference; explicitFileType = wrapper.application; includeInIndex = 0; path = "myvet-native.app"; sourceTree = BUILT_PRODUCTS_DIR; };
		6615FFDA2CAD883E00E03734 /* myvet_nativeApp.swift */ = {isa = PBXFileReference; lastKnownFileType = sourcecode.swift; path = myvet_nativeApp.swift; sourceTree = "<group>"; };
		6615FFDC2CAD883E00E03734 /* ContentView.swift */ = {isa = PBXFileReference; lastKnownFileType = sourcecode.swift; path = ContentView.swift; sourceTree = "<group>"; };
		6615FFDE2CAD884000E03734 /* Assets.xcassets */ = {isa = PBXFileReference; lastKnownFileType = folder.assetcatalog; path = Assets.xcassets; sourceTree = "<group>"; };
		6615FFE12CAD884000E03734 /* Preview Assets.xcassets */ = {isa = PBXFileReference; lastKnownFileType = folder.assetcatalog; path = "Preview Assets.xcassets"; sourceTree = "<group>"; };
		6620475B2CADB44400A2DD0B /* TabNavView.swift */ = {isa = PBXFileReference; lastKnownFileType = sourcecode.swift; path = TabNavView.swift; sourceTree = "<group>"; };
		6620475E2CADB63B00A2DD0B /* HomeView.swift */ = {isa = PBXFileReference; lastKnownFileType = sourcecode.swift; path = HomeView.swift; sourceTree = "<group>"; };
		6620476B2CADB6E100A2DD0B /* MyVetView.swift */ = {isa = PBXFileReference; lastKnownFileType = sourcecode.swift; path = MyVetView.swift; sourceTree = "<group>"; };
		663133242E0DC0B6008F368F /* MyVet.icon */ = {isa = PBXFileReference; lastKnownFileType = folder.iconcomposer.icon; path = MyVet.icon; sourceTree = "<group>"; };
		663133282E0DC243008F368F /* MyPetView.swift */ = {isa = PBXFileReference; lastKnownFileType = sourcecode.swift; path = MyPetView.swift; sourceTree = "<group>"; };
		6659E0002E0DD7E000E807CB /* PhotosUI.framework */ = {isa = PBXFileReference; lastKnownFileType = wrapper.framework; name = PhotosUI.framework; path = System/Library/Frameworks/PhotosUI.framework; sourceTree = SDKROOT; };
		6678843B2D75CE4A00033CE3 /* Fetch.swift */ = {isa = PBXFileReference; lastKnownFileType = sourcecode.swift; path = Fetch.swift; sourceTree = "<group>"; };
		66E1867B2E202482001036FC /* AuthenticationServices.framework */ = {isa = PBXFileReference; lastKnownFileType = wrapper.framework; name = AuthenticationServices.framework; path = System/Library/Frameworks/AuthenticationServices.framework; sourceTree = SDKROOT; };
		66E1867D2E20248B001036FC /* Info.plist */ = {isa = PBXFileReference; lastKnownFileType = text.plist; path = Info.plist; sourceTree = "<group>"; };
		66E1867E2E202CB4001036FC /* myvet-native.entitlements */ = {isa = PBXFileReference; lastKnownFileType = text.plist.entitlements; path = "myvet-native.entitlements"; sourceTree = "<group>"; };
		66E1868D2E2072E3001036FC /* AppDelegate.swift */ = {isa = PBXFileReference; lastKnownFileType = sourcecode.swift; path = AppDelegate.swift; sourceTree = "<group>"; };
		66E1868F2E207755001036FC /* GoogleService-Info.plist */ = {isa = PBXFileReference; lastKnownFileType = text.plist.xml; path = "GoogleService-Info.plist"; sourceTree = "<group>"; };
		66E32B4E2E060BDA006603E8 /* MapKit.framework */ = {isa = PBXFileReference; lastKnownFileType = wrapper.framework; name = MapKit.framework; path = System/Library/Frameworks/MapKit.framework; sourceTree = SDKROOT; };
		66F5EFB02CAE72AA00BA9DC8 /* environments.swift */ = {isa = PBXFileReference; lastKnownFileType = sourcecode.swift; path = environments.swift; sourceTree = "<group>"; };
/* End PBXFileReference section */

/* Begin PBXFileSystemSynchronizedRootGroup section */
		6621223B2CB14301001530C4 /* Login */ = {isa = PBXFileSystemSynchronizedRootGroup; explicitFileTypes = {}; explicitFolders = (); path = Login; sourceTree = "<group>"; };
		66269FA52D79A746009287FF /* Modules */ = {isa = PBXFileSystemSynchronizedRootGroup; explicitFileTypes = {}; explicitFolders = (); path = Modules; sourceTree = "<group>"; };
		66269FB12D79A882009287FF /* Services */ = {isa = PBXFileSystemSynchronizedRootGroup; explicitFileTypes = {}; explicitFolders = (); path = Services; sourceTree = "<group>"; };
		6631332A2E0DC258008F368F /* Search */ = {isa = PBXFileSystemSynchronizedRootGroup; explicitFileTypes = {}; explicitFolders = (); path = Search; sourceTree = "<group>"; };
		6659DFFB2E0DD5BB00E807CB /* Components */ = {isa = PBXFileSystemSynchronizedRootGroup; explicitFileTypes = {}; explicitFolders = (); path = Components; sourceTree = "<group>"; };
		666476CE2CB019FF0087F1A1 /* Animal */ = {isa = PBXFileSystemSynchronizedRootGroup; explicitFileTypes = {}; explicitFolders = (); path = Animal; sourceTree = "<group>"; };
		667884382D75CAD100033CE3 /* Models */ = {isa = PBXFileSystemSynchronizedRootGroup; explicitFileTypes = {}; explicitFolders = (); path = Models; sourceTree = "<group>"; };
		66E1866F2E201DD3001036FC /* User */ = {isa = PBXFileSystemSynchronizedRootGroup; explicitFileTypes = {}; explicitFolders = (); path = User; sourceTree = "<group>"; };
		66E186762E2023CC001036FC /* Landing */ = {isa = PBXFileSystemSynchronizedRootGroup; explicitFileTypes = {}; explicitFolders = (); path = Landing; sourceTree = "<group>"; };
/* End PBXFileSystemSynchronizedRootGroup section */

/* Begin PBXFrameworksBuildPhase section */
		6615FFD42CAD883E00E03734 /* Frameworks */ = {
			isa = PBXFrameworksBuildPhase;
			buildActionMask = 2147483647;
			files = (
				66E1868C2E20352E001036FC /* FirebaseMessaging in Frameworks */,
				66E1867C2E202482001036FC /* AuthenticationServices.framework in Frameworks */,
				66E32B502E060BDF006603E8 /* MapKit.framework in Frameworks */,
				6659E0012E0DD7E000E807CB /* PhotosUI.framework in Frameworks */,
			);
			runOnlyForDeploymentPostprocessing = 0;
		};
/* End PBXFrameworksBuildPhase section */

/* Begin PBXGroup section */
		6615FFCE2CAD883E00E03734 = {
			isa = PBXGroup;
			children = (
				6615FFD92CAD883E00E03734 /* myvet-native */,
				66E32B4D2E060BD9006603E8 /* Frameworks */,
				6615FFD82CAD883E00E03734 /* Products */,
			);
			sourceTree = "<group>";
		};
		6615FFD82CAD883E00E03734 /* Products */ = {
			isa = PBXGroup;
			children = (
				6615FFD72CAD883E00E03734 /* myvet-native.app */,
			);
			name = Products;
			sourceTree = "<group>";
		};
		6615FFD92CAD883E00E03734 /* myvet-native */ = {
			isa = PBXGroup;
			children = (
				66E1868F2E207755001036FC /* GoogleService-Info.plist */,
				66E1868D2E2072E3001036FC /* AppDelegate.swift */,
				66E1867E2E202CB4001036FC /* myvet-native.entitlements */,
				66E1867D2E20248B001036FC /* Info.plist */,
				6620475A2CADB42B00A2DD0B /* TabNav */,
				66269FA52D79A746009287FF /* Modules */,
				662047582CADB35400A2DD0B /* Core */,
				662047592CADB35D00A2DD0B /* Shared */,
				662047572CADB32B00A2DD0B /* Pages */,
				6615FFDA2CAD883E00E03734 /* myvet_nativeApp.swift */,
				6615FFDC2CAD883E00E03734 /* ContentView.swift */,
				6615FFDE2CAD884000E03734 /* Assets.xcassets */,
				6615FFE02CAD884000E03734 /* Preview Content */,
			);
			path = "myvet-native";
			sourceTree = "<group>";
		};
		6615FFE02CAD884000E03734 /* Preview Content */ = {
			isa = PBXGroup;
			children = (
				6615FFE12CAD884000E03734 /* Preview Assets.xcassets */,
			);
			path = "Preview Content";
			sourceTree = "<group>";
		};
		662047572CADB32B00A2DD0B /* Pages */ = {
			isa = PBXGroup;
			children = (
				66E186762E2023CC001036FC /* Landing */,
				66E1866F2E201DD3001036FC /* User */,
				6631332A2E0DC258008F368F /* Search */,
				6621223B2CB14301001530C4 /* Login */,
				662047612CADB67C00A2DD0B /* MyPet */,
				662047602CADB67400A2DD0B /* MyVet */,
				6620475D2CADB61700A2DD0B /* Home */,
				666476CE2CB019FF0087F1A1 /* Animal */,
			);
			path = Pages;
			sourceTree = "<group>";
		};
		662047582CADB35400A2DD0B /* Core */ = {
			isa = PBXGroup;
			children = (
				66269FB12D79A882009287FF /* Services */,
				66F5EFB02CAE72AA00BA9DC8 /* environments.swift */,
			);
			path = Core;
			sourceTree = "<group>";
		};
		662047592CADB35D00A2DD0B /* Shared */ = {
			isa = PBXGroup;
			children = (
				6659DFFB2E0DD5BB00E807CB /* Components */,
				667884382D75CAD100033CE3 /* Models */,
				66F5EFAF2CAE727400BA9DC8 /* Services */,
			);
			path = Shared;
			sourceTree = "<group>";
		};
		6620475A2CADB42B00A2DD0B /* TabNav */ = {
			isa = PBXGroup;
			children = (
				6620475B2CADB44400A2DD0B /* TabNavView.swift */,
			);
			path = TabNav;
			sourceTree = "<group>";
		};
		6620475D2CADB61700A2DD0B /* Home */ = {
			isa = PBXGroup;
			children = (
				6620475E2CADB63B00A2DD0B /* HomeView.swift */,
			);
			path = Home;
			sourceTree = "<group>";
		};
		662047602CADB67400A2DD0B /* MyVet */ = {
			isa = PBXGroup;
			children = (
				6620476B2CADB6E100A2DD0B /* MyVetView.swift */,
			);
			path = MyVet;
			sourceTree = "<group>";
		};
		662047612CADB67C00A2DD0B /* MyPet */ = {
			isa = PBXGroup;
			children = (
				663133282E0DC243008F368F /* MyPetView.swift */,
			);
			path = MyPet;
			sourceTree = "<group>";
		};
		66E32B4D2E060BD9006603E8 /* Frameworks */ = {
			isa = PBXGroup;
			children = (
				66E1867B2E202482001036FC /* AuthenticationServices.framework */,
				6659E0002E0DD7E000E807CB /* PhotosUI.framework */,
				663133242E0DC0B6008F368F /* MyVet.icon */,
				66E32B4E2E060BDA006603E8 /* MapKit.framework */,
			);
			name = Frameworks;
			sourceTree = "<group>";
		};
		66F5EFAF2CAE727400BA9DC8 /* Services */ = {
			isa = PBXGroup;
			children = (
				6678843B2D75CE4A00033CE3 /* Fetch.swift */,
			);
			path = Services;
			sourceTree = "<group>";
		};
/* End PBXGroup section */

/* Begin PBXNativeTarget section */
		6615FFD62CAD883E00E03734 /* myvet-native */ = {
			isa = PBXNativeTarget;
			buildConfigurationList = 6615FFE52CAD884000E03734 /* Build configuration list for PBXNativeTarget "myvet-native" */;
			buildPhases = (
				6615FFD32CAD883E00E03734 /* Sources */,
				6615FFD42CAD883E00E03734 /* Frameworks */,
				6615FFD52CAD883E00E03734 /* Resources */,
			);
			buildRules = (
			);
			dependencies = (
			);
			fileSystemSynchronizedGroups = (
				6621223B2CB14301001530C4 /* Login */,
				66269FA52D79A746009287FF /* Modules */,
				66269FB12D79A882009287FF /* Services */,
				6631332A2E0DC258008F368F /* Search */,
				6659DFFB2E0DD5BB00E807CB /* Components */,
				666476CE2CB019FF0087F1A1 /* Animal */,
				667884382D75CAD100033CE3 /* Models */,
				66E1866F2E201DD3001036FC /* User */,
				66E186762E2023CC001036FC /* Landing */,
			);
			name = "myvet-native";
			productName = "myvet-native";
			productReference = 6615FFD72CAD883E00E03734 /* myvet-native.app */;
			productType = "com.apple.product-type.application";
		};
/* End PBXNativeTarget section */

/* Begin PBXProject section */
		6615FFCF2CAD883E00E03734 /* Project object */ = {
			isa = PBXProject;
			attributes = {
				BuildIndependentTargetsInParallel = 1;
				LastSwiftUpdateCheck = 1540;
				LastUpgradeCheck = 2600;
				TargetAttributes = {
					6615FFD62CAD883E00E03734 = {
						CreatedOnToolsVersion = 15.4;
					};
				};
			};
			buildConfigurationList = 6615FFD22CAD883E00E03734 /* Build configuration list for PBXProject "myvet-native" */;
			compatibilityVersion = "Xcode 14.0";
			developmentRegion = en;
			hasScannedForEncodings = 0;
			knownRegions = (
				en,
				Base,
			);
			mainGroup = 6615FFCE2CAD883E00E03734;
			packageReferences = (
				66E1868A2E20352E001036FC /* XCRemoteSwiftPackageReference "firebase-ios-sdk" */,
			);
			productRefGroup = 6615FFD82CAD883E00E03734 /* Products */;
			projectDirPath = "";
			projectRoot = "";
			targets = (
				6615FFD62CAD883E00E03734 /* myvet-native */,
			);
		};
/* End PBXProject section */

/* Begin PBXResourcesBuildPhase section */
		6615FFD52CAD883E00E03734 /* Resources */ = {
			isa = PBXResourcesBuildPhase;
			buildActionMask = 2147483647;
			files = (
				663133252E0DC0B6008F368F /* MyVet.icon in Resources */,
				66E186902E207755001036FC /* GoogleService-Info.plist in Resources */,
				6615FFE22CAD884000E03734 /* Preview Assets.xcassets in Resources */,
				6615FFDF2CAD884000E03734 /* Assets.xcassets in Resources */,
			);
			runOnlyForDeploymentPostprocessing = 0;
		};
/* End PBXResourcesBuildPhase section */

/* Begin PBXSourcesBuildPhase section */
		6615FFD32CAD883E00E03734 /* Sources */ = {
			isa = PBXSourcesBuildPhase;
			buildActionMask = 2147483647;
			files = (
				66E1868E2E2072EB001036FC /* AppDelegate.swift in Sources */,
				66F5EFB12CAE72AA00BA9DC8 /* environments.swift in Sources */,
				6620475C2CADB44400A2DD0B /* TabNavView.swift in Sources */,
				6620476C2CADB6E100A2DD0B /* MyVetView.swift in Sources */,
				6678843C2D75CE4A00033CE3 /* Fetch.swift in Sources */,
				6620475F2CADB63B00A2DD0B /* HomeView.swift in Sources */,
				6615FFDD2CAD883E00E03734 /* ContentView.swift in Sources */,
				663133292E0DC243008F368F /* MyPetView.swift in Sources */,
				6615FFDB2CAD883E00E03734 /* myvet_nativeApp.swift in Sources */,
			);
			runOnlyForDeploymentPostprocessing = 0;
		};
/* End PBXSourcesBuildPhase section */

/* Begin XCBuildConfiguration section */
		6615FFE32CAD884000E03734 /* Debug */ = {
			isa = XCBuildConfiguration;
			buildSettings = {
				ALWAYS_SEARCH_USER_PATHS = NO;
				ASSETCATALOG_COMPILER_GENERATE_SWIFT_ASSET_SYMBOL_EXTENSIONS = YES;
				CLANG_ANALYZER_NONNULL = YES;
				CLANG_ANALYZER_NUMBER_OBJECT_CONVERSION = YES_AGGRESSIVE;
				CLANG_CXX_LANGUAGE_STANDARD = "gnu++20";
				CLANG_ENABLE_MODULES = YES;
				CLANG_ENABLE_OBJC_ARC = YES;
				CLANG_ENABLE_OBJC_WEAK = YES;
				CLANG_WARN_BLOCK_CAPTURE_AUTORELEASING = YES;
				CLANG_WARN_BOOL_CONVERSION = YES;
				CLANG_WARN_COMMA = YES;
				CLANG_WARN_CONSTANT_CONVERSION = YES;
				CLANG_WARN_DEPRECATED_OBJC_IMPLEMENTATIONS = YES;
				CLANG_WARN_DIRECT_OBJC_ISA_USAGE = YES_ERROR;
				CLANG_WARN_DOCUMENTATION_COMMENTS = YES;
				CLANG_WARN_EMPTY_BODY = YES;
				CLANG_WARN_ENUM_CONVERSION = YES;
				CLANG_WARN_INFINITE_RECURSION = YES;
				CLANG_WARN_INT_CONVERSION = YES;
				CLANG_WARN_NON_LITERAL_NULL_CONVERSION = YES;
				CLANG_WARN_OBJC_IMPLICIT_RETAIN_SELF = YES;
				CLANG_WARN_OBJC_LITERAL_CONVERSION = YES;
				CLANG_WARN_OBJC_ROOT_CLASS = YES_ERROR;
				CLANG_WARN_QUOTED_INCLUDE_IN_FRAMEWORK_HEADER = YES;
				CLANG_WARN_RANGE_LOOP_ANALYSIS = YES;
				CLANG_WARN_STRICT_PROTOTYPES = YES;
				CLANG_WARN_SUSPICIOUS_MOVE = YES;
				CLANG_WARN_UNGUARDED_AVAILABILITY = YES_AGGRESSIVE;
				CLANG_WARN_UNREACHABLE_CODE = YES;
				CLANG_WARN__DUPLICATE_METHOD_MATCH = YES;
				COPY_PHASE_STRIP = NO;
				DEBUG_INFORMATION_FORMAT = dwarf;
				DEVELOPMENT_TEAM = 52D98QT44V;
				ENABLE_RESOURCE_ACCESS_CAMERA = YES;
				ENABLE_STRICT_OBJC_MSGSEND = YES;
				ENABLE_TESTABILITY = YES;
				ENABLE_USER_SCRIPT_SANDBOXING = YES;
				GCC_C_LANGUAGE_STANDARD = gnu17;
				GCC_DYNAMIC_NO_PIC = NO;
				GCC_NO_COMMON_BLOCKS = YES;
				GCC_OPTIMIZATION_LEVEL = 0;
				GCC_PREPROCESSOR_DEFINITIONS = (
					"DEBUG=1",
					"$(inherited)",
				);
				GCC_WARN_64_TO_32_BIT_CONVERSION = YES;
				GCC_WARN_ABOUT_RETURN_TYPE = YES_ERROR;
				GCC_WARN_UNDECLARED_SELECTOR = YES;
				GCC_WARN_UNINITIALIZED_AUTOS = YES_AGGRESSIVE;
				GCC_WARN_UNUSED_FUNCTION = YES;
				GCC_WARN_UNUSED_VARIABLE = YES;
				INFOPLIST_KEY_NSCameraUsageDescription = "Take a photo for you or your animal profile picture";
				IPHONEOS_DEPLOYMENT_TARGET = 26.0;
				LOCALIZATION_PREFERS_STRING_CATALOGS = YES;
				MTL_ENABLE_DEBUG_INFO = INCLUDE_SOURCE;
				MTL_FAST_MATH = YES;
				ONLY_ACTIVE_ARCH = YES;
				SDKROOT = iphoneos;
				STRING_CATALOG_GENERATE_SYMBOLS = YES;
				SWIFT_ACTIVE_COMPILATION_CONDITIONS = "DEBUG $(inherited)";
				SWIFT_OPTIMIZATION_LEVEL = "-Onone";
			};
			name = Debug;
		};
		6615FFE42CAD884000E03734 /* Release */ = {
			isa = XCBuildConfiguration;
			buildSettings = {
				ALWAYS_SEARCH_USER_PATHS = NO;
				ASSETCATALOG_COMPILER_GENERATE_SWIFT_ASSET_SYMBOL_EXTENSIONS = YES;
				CLANG_ANALYZER_NONNULL = YES;
				CLANG_ANALYZER_NUMBER_OBJECT_CONVERSION = YES_AGGRESSIVE;
				CLANG_CXX_LANGUAGE_STANDARD = "gnu++20";
				CLANG_ENABLE_MODULES = YES;
				CLANG_ENABLE_OBJC_ARC = YES;
				CLANG_ENABLE_OBJC_WEAK = YES;
				CLANG_WARN_BLOCK_CAPTURE_AUTORELEASING = YES;
				CLANG_WARN_BOOL_CONVERSION = YES;
				CLANG_WARN_COMMA = YES;
				CLANG_WARN_CONSTANT_CONVERSION = YES;
				CLANG_WARN_DEPRECATED_OBJC_IMPLEMENTATIONS = YES;
				CLANG_WARN_DIRECT_OBJC_ISA_USAGE = YES_ERROR;
				CLANG_WARN_DOCUMENTATION_COMMENTS = YES;
				CLANG_WARN_EMPTY_BODY = YES;
				CLANG_WARN_ENUM_CONVERSION = YES;
				CLANG_WARN_INFINITE_RECURSION = YES;
				CLANG_WARN_INT_CONVERSION = YES;
				CLANG_WARN_NON_LITERAL_NULL_CONVERSION = YES;
				CLANG_WARN_OBJC_IMPLICIT_RETAIN_SELF = YES;
				CLANG_WARN_OBJC_LITERAL_CONVERSION = YES;
				CLANG_WARN_OBJC_ROOT_CLASS = YES_ERROR;
				CLANG_WARN_QUOTED_INCLUDE_IN_FRAMEWORK_HEADER = YES;
				CLANG_WARN_RANGE_LOOP_ANALYSIS = YES;
				CLANG_WARN_STRICT_PROTOTYPES = YES;
				CLANG_WARN_SUSPICIOUS_MOVE = YES;
				CLANG_WARN_UNGUARDED_AVAILABILITY = YES_AGGRESSIVE;
				CLANG_WARN_UNREACHABLE_CODE = YES;
				CLANG_WARN__DUPLICATE_METHOD_MATCH = YES;
				COPY_PHASE_STRIP = NO;
				DEBUG_INFORMATION_FORMAT = "dwarf-with-dsym";
				DEVELOPMENT_TEAM = 52D98QT44V;
				ENABLE_NS_ASSERTIONS = NO;
				ENABLE_RESOURCE_ACCESS_CAMERA = YES;
				ENABLE_STRICT_OBJC_MSGSEND = YES;
				ENABLE_USER_SCRIPT_SANDBOXING = YES;
				GCC_C_LANGUAGE_STANDARD = gnu17;
				GCC_NO_COMMON_BLOCKS = YES;
				GCC_WARN_64_TO_32_BIT_CONVERSION = YES;
				GCC_WARN_ABOUT_RETURN_TYPE = YES_ERROR;
				GCC_WARN_UNDECLARED_SELECTOR = YES;
				GCC_WARN_UNINITIALIZED_AUTOS = YES_AGGRESSIVE;
				GCC_WARN_UNUSED_FUNCTION = YES;
				GCC_WARN_UNUSED_VARIABLE = YES;
				INFOPLIST_KEY_NSCameraUsageDescription = "Take a photo for you or your animal profile picture";
				IPHONEOS_DEPLOYMENT_TARGET = 26.0;
				LOCALIZATION_PREFERS_STRING_CATALOGS = YES;
				MTL_ENABLE_DEBUG_INFO = NO;
				MTL_FAST_MATH = YES;
				ONLY_ACTIVE_ARCH = YES;
				SDKROOT = iphoneos;
				STRING_CATALOG_GENERATE_SYMBOLS = YES;
				SWIFT_COMPILATION_MODE = wholemodule;
				VALIDATE_PRODUCT = YES;
			};
			name = Release;
		};
		6615FFE62CAD884000E03734 /* Debug */ = {
			isa = XCBuildConfiguration;
			buildSettings = {
				ASSETCATALOG_COMPILER_APPICON_NAME = MyVet;
				ASSETCATALOG_COMPILER_GLOBAL_ACCENT_COLOR_NAME = AccentColor;
				ASSETCATALOG_COMPILER_INCLUDE_ALL_APPICON_ASSETS = NO;
				AUTOMATION_APPLE_EVENTS = NO;
				CODE_SIGN_ENTITLEMENTS = "myvet-native/myvet-native.entitlements";
				"CODE_SIGN_IDENTITY[sdk=macosx*]" = "Apple Development";
				CODE_SIGN_STYLE = Automatic;
				CURRENT_PROJECT_VERSION = 1;
				DERIVE_MACCATALYST_PRODUCT_BUNDLE_IDENTIFIER = YES;
				DEVELOPMENT_ASSET_PATHS = "\"myvet-native/Preview Content\"";
				DEVELOPMENT_TEAM = 52D98QT44V;
				ENABLE_APP_SANDBOX = YES;
				ENABLE_HARDENED_RUNTIME = YES;
				ENABLE_INCOMING_NETWORK_CONNECTIONS = NO;
				ENABLE_OUTGOING_NETWORK_CONNECTIONS = YES;
				ENABLE_PREVIEWS = YES;
				ENABLE_RESOURCE_ACCESS_AUDIO_INPUT = NO;
				ENABLE_RESOURCE_ACCESS_BLUETOOTH = NO;
				ENABLE_RESOURCE_ACCESS_CALENDARS = YES;
				ENABLE_RESOURCE_ACCESS_CAMERA = YES;
				ENABLE_RESOURCE_ACCESS_CONTACTS = NO;
				ENABLE_RESOURCE_ACCESS_LOCATION = YES;
				ENABLE_RESOURCE_ACCESS_PHOTO_LIBRARY = YES;
				ENABLE_RESOURCE_ACCESS_PRINTING = NO;
				ENABLE_RESOURCE_ACCESS_USB = NO;
				ENABLE_USER_SELECTED_FILES = readwrite;
				GENERATE_INFOPLIST_FILE = YES;
				INFOPLIST_FILE = "myvet-native/Info.plist";
				INFOPLIST_KEY_LSApplicationCategoryType = "public.app-category.healthcare-fitness";
				INFOPLIST_KEY_NSCameraUsageDescription = "Take a photo for you or your animal profile picture";
				INFOPLIST_KEY_NSLocationWhenInUseUsageDescription = "Find people around you";
				INFOPLIST_KEY_NSPhotoLibraryUsageDescription = "Choose a photo for you or your animal profile picture";
				INFOPLIST_KEY_UIApplicationSceneManifest_Generation = YES;
				INFOPLIST_KEY_UIApplicationSupportsIndirectInputEvents = YES;
				INFOPLIST_KEY_UILaunchScreen_Generation = YES;
				INFOPLIST_KEY_UIStatusBarHidden = NO;
				INFOPLIST_KEY_UISupportedInterfaceOrientations = UIInterfaceOrientationPortrait;
				INFOPLIST_KEY_UISupportedInterfaceOrientations_iPad = "UIInterfaceOrientationLandscapeLeft UIInterfaceOrientationLandscapeRight UIInterfaceOrientationPortrait UIInterfaceOrientationPortraitUpsideDown";
				IPHONEOS_DEPLOYMENT_TARGET = 26.0;
				LD_RUNPATH_SEARCH_PATHS = (
					"$(inherited)",
					"@executable_path/Frameworks",
				);
				MACOSX_DEPLOYMENT_TARGET = 26.0;
				MARKETING_VERSION = 1.0;
				PRODUCT_BUNDLE_IDENTIFIER = "vincenzo.prisco.myvet-native";
				PRODUCT_NAME = "$(TARGET_NAME)";
				REGISTER_APP_GROUPS = YES;
				RUNTIME_EXCEPTION_ALLOW_DYLD_ENVIRONMENT_VARIABLES = NO;
				RUNTIME_EXCEPTION_ALLOW_JIT = NO;
				RUNTIME_EXCEPTION_ALLOW_UNSIGNED_EXECUTABLE_MEMORY = NO;
				RUNTIME_EXCEPTION_DEBUGGING_TOOL = NO;
				RUNTIME_EXCEPTION_DISABLE_EXECUTABLE_PAGE_PROTECTION = NO;
				RUNTIME_EXCEPTION_DISABLE_LIBRARY_VALIDATION = NO;
				SUPPORTED_PLATFORMS = "iphoneos iphonesimulator macosx";
				SUPPORTS_MACCATALYST = NO;
				SUPPORTS_MAC_DESIGNED_FOR_IPHONE_IPAD = NO;
				SWIFT_EMIT_LOC_STRINGS = YES;
				SWIFT_VERSION = 5.0;
				TARGETED_DEVICE_FAMILY = "1,2,6";
				TVOS_DEPLOYMENT_TARGET = 26.0;
				WATCHOS_DEPLOYMENT_TARGET = 26.0;
				XROS_DEPLOYMENT_TARGET = 26.0;
			};
			name = Debug;
		};
		6615FFE72CAD884000E03734 /* Release */ = {
			isa = XCBuildConfiguration;
			buildSettings = {
				ASSETCATALOG_COMPILER_APPICON_NAME = MyVet;
				ASSETCATALOG_COMPILER_GLOBAL_ACCENT_COLOR_NAME = AccentColor;
				ASSETCATALOG_COMPILER_INCLUDE_ALL_APPICON_ASSETS = NO;
				AUTOMATION_APPLE_EVENTS = NO;
				CODE_SIGN_ENTITLEMENTS = "myvet-native/myvet-native.entitlements";
				"CODE_SIGN_IDENTITY[sdk=macosx*]" = "Apple Development";
				CODE_SIGN_STYLE = Automatic;
				CURRENT_PROJECT_VERSION = 1;
				DERIVE_MACCATALYST_PRODUCT_BUNDLE_IDENTIFIER = YES;
				DEVELOPMENT_ASSET_PATHS = "\"myvet-native/Preview Content\"";
				DEVELOPMENT_TEAM = 52D98QT44V;
				ENABLE_APP_SANDBOX = YES;
				ENABLE_HARDENED_RUNTIME = YES;
				ENABLE_INCOMING_NETWORK_CONNECTIONS = NO;
				ENABLE_OUTGOING_NETWORK_CONNECTIONS = YES;
				ENABLE_PREVIEWS = YES;
				ENABLE_RESOURCE_ACCESS_AUDIO_INPUT = NO;
				ENABLE_RESOURCE_ACCESS_BLUETOOTH = NO;
				ENABLE_RESOURCE_ACCESS_CALENDARS = YES;
				ENABLE_RESOURCE_ACCESS_CAMERA = YES;
				ENABLE_RESOURCE_ACCESS_CONTACTS = NO;
				ENABLE_RESOURCE_ACCESS_LOCATION = YES;
				ENABLE_RESOURCE_ACCESS_PHOTO_LIBRARY = YES;
				ENABLE_RESOURCE_ACCESS_PRINTING = NO;
				ENABLE_RESOURCE_ACCESS_USB = NO;
				ENABLE_USER_SELECTED_FILES = readwrite;
				GENERATE_INFOPLIST_FILE = YES;
				INFOPLIST_FILE = "myvet-native/Info.plist";
				INFOPLIST_KEY_LSApplicationCategoryType = "public.app-category.healthcare-fitness";
				INFOPLIST_KEY_NSCameraUsageDescription = "Take a photo for you or your animal profile picture";
				INFOPLIST_KEY_NSLocationWhenInUseUsageDescription = "Find people around you";
				INFOPLIST_KEY_NSPhotoLibraryUsageDescription = "Choose a photo for you or your animal profile picture";
				INFOPLIST_KEY_UIApplicationSceneManifest_Generation = YES;
				INFOPLIST_KEY_UIApplicationSupportsIndirectInputEvents = YES;
				INFOPLIST_KEY_UILaunchScreen_Generation = YES;
				INFOPLIST_KEY_UIStatusBarHidden = NO;
				INFOPLIST_KEY_UISupportedInterfaceOrientations = UIInterfaceOrientationPortrait;
				INFOPLIST_KEY_UISupportedInterfaceOrientations_iPad = "UIInterfaceOrientationLandscapeLeft UIInterfaceOrientationLandscapeRight UIInterfaceOrientationPortrait UIInterfaceOrientationPortraitUpsideDown";
				IPHONEOS_DEPLOYMENT_TARGET = 26.0;
				LD_RUNPATH_SEARCH_PATHS = (
					"$(inherited)",
					"@executable_path/Frameworks",
				);
				MACOSX_DEPLOYMENT_TARGET = 26.0;
				MARKETING_VERSION = 1.0;
				PRODUCT_BUNDLE_IDENTIFIER = "vincenzo.prisco.myvet-native";
				PRODUCT_NAME = "$(TARGET_NAME)";
				REGISTER_APP_GROUPS = YES;
				RUNTIME_EXCEPTION_ALLOW_DYLD_ENVIRONMENT_VARIABLES = NO;
				RUNTIME_EXCEPTION_ALLOW_JIT = NO;
				RUNTIME_EXCEPTION_ALLOW_UNSIGNED_EXECUTABLE_MEMORY = NO;
				RUNTIME_EXCEPTION_DEBUGGING_TOOL = NO;
				RUNTIME_EXCEPTION_DISABLE_EXECUTABLE_PAGE_PROTECTION = NO;
				RUNTIME_EXCEPTION_DISABLE_LIBRARY_VALIDATION = NO;
				SUPPORTED_PLATFORMS = "iphoneos iphonesimulator macosx";
				SUPPORTS_MACCATALYST = NO;
				SUPPORTS_MAC_DESIGNED_FOR_IPHONE_IPAD = NO;
				SWIFT_EMIT_LOC_STRINGS = YES;
				SWIFT_VERSION = 5.0;
				TARGETED_DEVICE_FAMILY = "1,2,6";
				TVOS_DEPLOYMENT_TARGET = 26.0;
				WATCHOS_DEPLOYMENT_TARGET = 26.0;
				XROS_DEPLOYMENT_TARGET = 26.0;
			};
			name = Release;
		};
/* End XCBuildConfiguration section */

/* Begin XCConfigurationList section */
		6615FFD22CAD883E00E03734 /* Build configuration list for PBXProject "myvet-native" */ = {
			isa = XCConfigurationList;
			buildConfigurations = (
				6615FFE32CAD884000E03734 /* Debug */,
				6615FFE42CAD884000E03734 /* Release */,
			);
			defaultConfigurationIsVisible = 0;
			defaultConfigurationName = Release;
		};
		6615FFE52CAD884000E03734 /* Build configuration list for PBXNativeTarget "myvet-native" */ = {
			isa = XCConfigurationList;
			buildConfigurations = (
				6615FFE62CAD884000E03734 /* Debug */,
				6615FFE72CAD884000E03734 /* Release */,
			);
			defaultConfigurationIsVisible = 0;
			defaultConfigurationName = Release;
		};
/* End XCConfigurationList section */

/* Begin XCRemoteSwiftPackageReference section */
		66E1868A2E20352E001036FC /* XCRemoteSwiftPackageReference "firebase-ios-sdk" */ = {
			isa = XCRemoteSwiftPackageReference;
			repositoryURL = "https://github.com/firebase/firebase-ios-sdk.git";
			requirement = {
				kind = upToNextMajorVersion;
				minimumVersion = 11.15.0;
			};
		};
/* End XCRemoteSwiftPackageReference section */

/* Begin XCSwiftPackageProductDependency section */
		66E1868B2E20352E001036FC /* FirebaseMessaging */ = {
			isa = XCSwiftPackageProductDependency;
			package = 66E1868A2E20352E001036FC /* XCRemoteSwiftPackageReference "firebase-ios-sdk" */;
			productName = FirebaseMessaging;
		};
/* End XCSwiftPackageProductDependency section */
	};
	rootObject = 6615FFCF2CAD883E00E03734 /* Project object */;
}
